<?xml version="1.0" encoding="utf-8"?>
<Project ToolsVersion="4.0" xmlns="http://schemas.microsoft.com/developer/msbuild/2003">
  <ItemGroup>
    <Filter Include="소스 파일">
      <UniqueIdentifier>{4FC737F1-C7A5-4376-A066-2A32D752A2FF}</UniqueIdentifier>
      <Extensions>cpp;c;cc;cxx;c++;cppm;ixx;def;odl;idl;hpj;bat;asm;asmx</Extensions>
    </Filter>
    <Filter Include="리소스 파일">
      <UniqueIdentifier>{67DA6AB6-F800-4c08-8B7A-83BB121AAD01}</UniqueIdentifier>
      <Extensions>rc;ico;cur;bmp;dlg;rc2;rct;bin;rgs;gif;jpg;jpeg;jpe;resx;tiff;tif;png;wav;mfcribbon-ms</Extensions>
    </Filter>
    <Filter Include="소스 파일\Main">
      <UniqueIdentifier>{cc60ba87-c244-4f6b-bb98-b9e30daafbc9}</UniqueIdentifier>
    </Filter>
    <Filter Include="소스 파일\Game">
      <UniqueIdentifier>{842ae419-5277-4f37-b38d-27b6b0626396}</UniqueIdentifier>
    </Filter>
    <Filter Include="소스 파일\Game\Object">
      <UniqueIdentifier>{d7950a91-8575-4726-8f01-00b41f557078}</UniqueIdentifier>
    </Filter>
    <Filter Include="소스 파일\Network">
      <UniqueIdentifier>{64ad9f10-c7cc-4825-94e8-4604aed238e3}</UniqueIdentifier>
    </Filter>
    <Filter Include="소스 파일\Network\Protobuf">
      <UniqueIdentifier>{a9539e95-2e4d-49f0-9f89-6f590b24e584}</UniqueIdentifier>
    </Filter>
  </ItemGroup>
  <ItemGroup>
    <ClCompile Include="DummyClient.cpp">
      <Filter>소스 파일\Main</Filter>
    </ClCompile>
    <ClCompile Include="pch.cpp">
      <Filter>소스 파일\Main</Filter>
    </ClCompile>
    <ClCompile Include="..\ServerCore\Protocol.pb.cc">
      <Filter>소스 파일\Network\Protobuf</Filter>
    </ClCompile>
    <ClCompile Include="..\ServerCore\Struct.pb.cc">
      <Filter>소스 파일\Network\Protobuf</Filter>
    </ClCompile>
    <ClCompile Include="..\ServerCore\Enum.pb.cc">
      <Filter>소스 파일\Network\Protobuf</Filter>
    </ClCompile>
    <ClCompile Include="Object.cpp">
      <Filter>소스 파일\Game\Object</Filter>
    </ClCompile>
    <ClCompile Include="Player.cpp">
      <Filter>소스 파일\Game\Object</Filter>
    </ClCompile>
    <ClCompile Include="GameInstance.cpp">
      <Filter>소스 파일\Main</Filter>
    </ClCompile>
    <ClCompile Include="ClientPacketHandler.cpp">
      <Filter>소스 파일\Network</Filter>
    </ClCompile>
  </ItemGroup>
  <ItemGroup>
    <ClInclude Include="pch.h">
      <Filter>소스 파일\Main</Filter>
    </ClInclude>
    <ClInclude Include="..\ServerCore\Protocol.pb.h">
      <Filter>소스 파일\Network\Protobuf</Filter>
    </ClInclude>
    <ClInclude Include="..\ServerCore\Struct.pb.h">
      <Filter>소스 파일\Network\Protobuf</Filter>
    </ClInclude>
    <ClInclude Include="..\ServerCore\Enum.pb.h">
      <Filter>소스 파일\Network\Protobuf</Filter>
    </ClInclude>
    <ClInclude Include="Player.h">
      <Filter>소스 파일\Game\Object</Filter>
    </ClInclude>
    <ClInclude Include="Object.h">
      <Filter>소스 파일\Game\Object</Filter>
    </ClInclude>
    <ClInclude Include="GameInstance.h">
      <Filter>소스 파일\Main</Filter>
    </ClInclude>
    <ClInclude Include="ClientPacketHandler.h">
      <Filter>소스 파일\Network</Filter>
    </ClInclude>
  </ItemGroup>
</Project>