<?xml version="1.0" encoding="utf-8"?>
<Project ToolsVersion="4.0" xmlns="http://schemas.microsoft.com/developer/msbuild/2003">
  <ItemGroup>
    <Filter Include="소스 파일">
      <UniqueIdentifier>{4FC737F1-C7A5-4376-A066-2A32D752A2FF}</UniqueIdentifier>
      <Extensions>cpp;c;cc;cxx;c++;cppm;ixx;def;odl;idl;hpj;bat;asm;asmx</Extensions>
    </Filter>
    <Filter Include="리소스 파일">
      <UniqueIdentifier>{67DA6AB6-F800-4c08-8B7A-83BB121AAD01}</UniqueIdentifier>
      <Extensions>rc;ico;cur;bmp;dlg;rc2;rct;bin;rgs;gif;jpg;jpeg;jpe;resx;tiff;tif;png;wav;mfcribbon-ms</Extensions>
    </Filter>
    <Filter Include="소스 파일\Core">
      <UniqueIdentifier>{7b89a2cf-703f-4156-8470-9756648504eb}</UniqueIdentifier>
    </Filter>
    <Filter Include="소스 파일\Thread">
      <UniqueIdentifier>{28c88384-36d5-4cdf-a91a-efb475d69760}</UniqueIdentifier>
    </Filter>
    <Filter Include="소스 파일\Network">
      <UniqueIdentifier>{14c07a64-3b7e-448e-88ad-332d93afe051}</UniqueIdentifier>
    </Filter>
    <Filter Include="소스 파일\Utils">
      <UniqueIdentifier>{76694068-d9ff-426b-8bc2-2d779f927131}</UniqueIdentifier>
    </Filter>
    <Filter Include="소스 파일\Network\Iocp">
      <UniqueIdentifier>{c5f4ea89-902c-4cb1-9d04-e8afa4193ffd}</UniqueIdentifier>
    </Filter>
    <Filter Include="소스 파일\Network\Packet">
      <UniqueIdentifier>{08d94112-7a29-49ad-833c-2cb71852dcba}</UniqueIdentifier>
    </Filter>
    <Filter Include="소스 파일\Network\Packet\Protobuf">
      <UniqueIdentifier>{7a232865-6033-4974-878b-49e52e23d9d5}</UniqueIdentifier>
    </Filter>
    <Filter Include="소스 파일\Network\Buffer">
      <UniqueIdentifier>{3f2acdd1-e65f-416c-bc16-9f6e114c599e}</UniqueIdentifier>
    </Filter>
  </ItemGroup>
  <ItemGroup>
    <ClCompile Include="CorePch.cpp">
      <Filter>소스 파일\Core</Filter>
    </ClCompile>
    <ClCompile Include="pch.cpp">
      <Filter>소스 파일\Core</Filter>
    </ClCompile>
    <ClCompile Include="CoreGlobal.cpp">
      <Filter>소스 파일\Core</Filter>
    </ClCompile>
    <ClCompile Include="CoreTLS.cpp">
      <Filter>소스 파일\Core</Filter>
    </ClCompile>
    <ClCompile Include="NetAddress.cpp">
      <Filter>소스 파일\Network</Filter>
    </ClCompile>
    <ClCompile Include="SocketUtils.cpp">
      <Filter>소스 파일\Network</Filter>
    </ClCompile>
    <ClCompile Include="ThreadManager.cpp">
      <Filter>소스 파일\Thread</Filter>
    </ClCompile>
    <ClCompile Include="IocpCore.cpp">
      <Filter>소스 파일\Network\Iocp</Filter>
    </ClCompile>
    <ClCompile Include="IocpEvent.cpp">
      <Filter>소스 파일\Network\Iocp</Filter>
    </ClCompile>
    <ClCompile Include="NetworkService.cpp">
      <Filter>소스 파일\Network</Filter>
    </ClCompile>
    <ClCompile Include="Utils.cpp">
      <Filter>소스 파일\Utils</Filter>
    </ClCompile>
    <ClCompile Include="Listener.cpp">
      <Filter>소스 파일\Network</Filter>
    </ClCompile>
    <ClCompile Include="Session.cpp">
      <Filter>소스 파일\Network</Filter>
    </ClCompile>
    <ClCompile Include="IocpObject.cpp">
      <Filter>소스 파일\Network\Iocp</Filter>
    </ClCompile>
    <ClCompile Include="Job.cpp">
      <Filter>소스 파일\Thread</Filter>
    </ClCompile>
    <ClCompile Include="JobQueue.cpp">
      <Filter>소스 파일\Thread</Filter>
    </ClCompile>
    <ClCompile Include="JobTimer.cpp">
      <Filter>소스 파일\Thread</Filter>
    </ClCompile>
    <ClCompile Include="RecvBuffer.cpp">
      <Filter>소스 파일\Network\Buffer</Filter>
    </ClCompile>
    <ClCompile Include="SendBuffer.cpp">
      <Filter>소스 파일\Network\Buffer</Filter>
    </ClCompile>
    <ClCompile Include="PacketManager.cpp">
      <Filter>소스 파일\Network\Packet</Filter>
    </ClCompile>
  </ItemGroup>
  <ItemGroup>
    <ClInclude Include="CorePch.h">
      <Filter>소스 파일\Core</Filter>
    </ClInclude>
    <ClInclude Include="pch.h">
      <Filter>소스 파일\Core</Filter>
    </ClInclude>
    <ClInclude Include="Types.h">
      <Filter>소스 파일\Core</Filter>
    </ClInclude>
    <ClInclude Include="CoreGlobal.h">
      <Filter>소스 파일\Core</Filter>
    </ClInclude>
    <ClInclude Include="CoreTLS.h">
      <Filter>소스 파일\Core</Filter>
    </ClInclude>
    <ClInclude Include="NetAddress.h">
      <Filter>소스 파일\Network</Filter>
    </ClInclude>
    <ClInclude Include="SocketUtils.h">
      <Filter>소스 파일\Network</Filter>
    </ClInclude>
    <ClInclude Include="ThreadManager.h">
      <Filter>소스 파일\Thread</Filter>
    </ClInclude>
    <ClInclude Include="IocpCore.h">
      <Filter>소스 파일\Network\Iocp</Filter>
    </ClInclude>
    <ClInclude Include="IocpEvent.h">
      <Filter>소스 파일\Network\Iocp</Filter>
    </ClInclude>
    <ClInclude Include="NetworkService.h">
      <Filter>소스 파일\Network</Filter>
    </ClInclude>
    <ClInclude Include="Utils.h">
      <Filter>소스 파일\Utils</Filter>
    </ClInclude>
    <ClInclude Include="Listener.h">
      <Filter>소스 파일\Network</Filter>
    </ClInclude>
    <ClInclude Include="Session.h">
      <Filter>소스 파일\Network</Filter>
    </ClInclude>
    <ClInclude Include="IocpObject.h">
      <Filter>소스 파일\Network\Iocp</Filter>
    </ClInclude>
    <ClInclude Include="Job.h">
      <Filter>소스 파일\Thread</Filter>
    </ClInclude>
    <ClInclude Include="JobQueue.h">
      <Filter>소스 파일\Thread</Filter>
    </ClInclude>
    <ClInclude Include="JobTimer.h">
      <Filter>소스 파일\Thread</Filter>
    </ClInclude>
    <ClInclude Include="RecvBuffer.h">
      <Filter>소스 파일\Network\Buffer</Filter>
    </ClInclude>
    <ClInclude Include="SendBuffer.h">
      <Filter>소스 파일\Network\Buffer</Filter>
    </ClInclude>
    <ClInclude Include="PacketManager.h">
      <Filter>소스 파일\Network\Packet</Filter>
    </ClInclude>
  </ItemGroup>
  <ItemGroup>
    <None Include="GenPackets.bat">
      <Filter>소스 파일\Network\Packet\Protobuf</Filter>
    </None>
    <None Include="Protocol.proto">
      <Filter>소스 파일\Network\Packet\Protobuf</Filter>
    </None>
    <None Include="Struct.proto">
      <Filter>소스 파일\Network\Packet\Protobuf</Filter>
    </None>
    <None Include="Enum.proto">
      <Filter>소스 파일\Network\Packet\Protobuf</Filter>
    </None>
  </ItemGroup>
</Project>